// !$*UTF8*$!
{
	archiveVersion = 1;
	classes = {
	};
	objectVersion = 50;
	objects = {

/* Begin PBXBuildFile section */
		01A2C3FEFD6B8F06A7243959 /* Pods_RxSwiftSubjects.framework in Frameworks */ = {isa = PBXBuildFile; fileRef = 2A2C4B3D3694F43EFC8C81CC /* Pods_RxSwiftSubjects.framework */; };
		0E0FF478261762FC00E0D5B7 /* AppDelegate.swift in Sources */ = {isa = PBXBuildFile; fileRef = 0E0FF477261762FC00E0D5B7 /* AppDelegate.swift */; };
		0E0FF47A261762FC00E0D5B7 /* SceneDelegate.swift in Sources */ = {isa = PBXBuildFile; fileRef = 0E0FF479261762FC00E0D5B7 /* SceneDelegate.swift */; };
		0E0FF47C261762FC00E0D5B7 /* ViewController.swift in Sources */ = {isa = PBXBuildFile; fileRef = 0E0FF47B261762FC00E0D5B7 /* ViewController.swift */; };
		0E0FF47F261762FC00E0D5B7 /* Main.storyboard in Resources */ = {isa = PBXBuildFile; fileRef = 0E0FF47D261762FC00E0D5B7 /* Main.storyboard */; };
		0E0FF481261762FD00E0D5B7 /* Assets.xcassets in Resources */ = {isa = PBXBuildFile; fileRef = 0E0FF480261762FD00E0D5B7 /* Assets.xcassets */; };
		0E0FF484261762FD00E0D5B7 /* LaunchScreen.storyboard in Resources */ = {isa = PBXBuildFile; fileRef = 0E0FF482261762FD00E0D5B7 /* LaunchScreen.storyboard */; };
/* End PBXBuildFile section */

/* Begin PBXFileReference section */
		0E0FF474261762FC00E0D5B7 /* RxSwiftSubjects.app */ = {isa = PBXFileReference; explicitFileType = wrapper.application; includeInIndex = 0; path = RxSwiftSubjects.app; sourceTree = BUILT_PRODUCTS_DIR; };
		0E0FF477261762FC00E0D5B7 /* AppDelegate.swift */ = {isa = PBXFileReference; lastKnownFileType = sourcecode.swift; path = AppDelegate.swift; sourceTree = "<group>"; };
		0E0FF479261762FC00E0D5B7 /* SceneDelegate.swift */ = {isa = PBXFileReference; lastKnownFileType = sourcecode.swift; path = SceneDelegate.swift; sourceTree = "<group>"; };
		0E0FF47B261762FC00E0D5B7 /* ViewController.swift */ = {isa = PBXFileReference; lastKnownFileType = sourcecode.swift; path = ViewController.swift; sourceTree = "<group>"; };
		0E0FF47E261762FC00E0D5B7 /* Base */ = {isa = PBXFileReference; lastKnownFileType = file.storyboard; name = Base; path = Base.lproj/Main.storyboard; sourceTree = "<group>"; };
		0E0FF480261762FD00E0D5B7 /* Assets.xcassets */ = {isa = PBXFileReference; lastKnownFileType = folder.assetcatalog; path = Assets.xcassets; sourceTree = "<group>"; };
		0E0FF483261762FD00E0D5B7 /* Base */ = {isa = PBXFileReference; lastKnownFileType = file.storyboard; name = Base; path = Base.lproj/LaunchScreen.storyboard; sourceTree = "<group>"; };
		0E0FF485261762FD00E0D5B7 /* Info.plist */ = {isa = PBXFileReference; lastKnownFileType = text.plist.xml; path = Info.plist; sourceTree = "<group>"; };
		0E31B3CA2621DEDD008F67C2 /* RxSwiftSubjects.playground */ = {isa = PBXFileReference; lastKnownFileType = file.playground; path = RxSwiftSubjects.playground; sourceTree = "<group>"; xcLanguageSpecificationIdentifier = xcode.lang.swift; };
		266A55B0061DA211577183EF /* Pods-RxSwiftSubjects.debug.xcconfig */ = {isa = PBXFileReference; includeInIndex = 1; lastKnownFileType = text.xcconfig; name = "Pods-RxSwiftSubjects.debug.xcconfig"; path = "Target Support Files/Pods-RxSwiftSubjects/Pods-RxSwiftSubjects.debug.xcconfig"; sourceTree = "<group>"; };
		2A2C4B3D3694F43EFC8C81CC /* Pods_RxSwiftSubjects.framework */ = {isa = PBXFileReference; explicitFileType = wrapper.framework; includeInIndex = 0; path = Pods_RxSwiftSubjects.framework; sourceTree = BUILT_PRODUCTS_DIR; };
		53814A2F7CA8E42CF6D59C39 /* Pods-RxSwiftSubjects.release.xcconfig */ = {isa = PBXFileReference; includeInIndex = 1; lastKnownFileType = text.xcconfig; name = "Pods-RxSwiftSubjects.release.xcconfig"; path = "Target Support Files/Pods-RxSwiftSubjects/Pods-RxSwiftSubjects.release.xcconfig"; sourceTree = "<group>"; };
/* End PBXFileReference section */

/* Begin PBXFrameworksBuildPhase section */
		0E0FF471261762FC00E0D5B7 /* Frameworks */ = {
			isa = PBXFrameworksBuildPhase;
			buildActionMask = 2147483647;
			files = (
				01A2C3FEFD6B8F06A7243959 /* Pods_RxSwiftSubjects.framework in Frameworks */,
			);
			runOnlyForDeploymentPostprocessing = 0;
		};
/* End PBXFrameworksBuildPhase section */

/* Begin PBXGroup section */
		0E0FF46B261762FC00E0D5B7 = {
			isa = PBXGroup;
			children = (
				0E31B3CA2621DEDD008F67C2 /* RxSwiftSubjects.playground */,
				0E0FF476261762FC00E0D5B7 /* RxSwiftSubjects */,
				0E0FF475261762FC00E0D5B7 /* Products */,
				C4B9DDD197706B22FAC00F30 /* Pods */,
				5CF15B8F9A3C93E76EC03EF4 /* Frameworks */,
			);
			sourceTree = "<group>";
		};
		0E0FF475261762FC00E0D5B7 /* Products */ = {
			isa = PBXGroup;
			children = (
				0E0FF474261762FC00E0D5B7 /* RxSwiftSubjects.app */,
			);
			name = Products;
			sourceTree = "<group>";
		};
		0E0FF476261762FC00E0D5B7 /* RxSwiftSubjects */ = {
			isa = PBXGroup;
			children = (
				0E0FF477261762FC00E0D5B7 /* AppDelegate.swift */,
				0E0FF479261762FC00E0D5B7 /* SceneDelegate.swift */,
				0E0FF47B261762FC00E0D5B7 /* ViewController.swift */,
				0E0FF47D261762FC00E0D5B7 /* Main.storyboard */,
				0E0FF480261762FD00E0D5B7 /* Assets.xcassets */,
				0E0FF482261762FD00E0D5B7 /* LaunchScreen.storyboard */,
				0E0FF485261762FD00E0D5B7 /* Info.plist */,
			);
			path = RxSwiftSubjects;
			sourceTree = "<group>";
		};
		5CF15B8F9A3C93E76EC03EF4 /* Frameworks */ = {
			isa = PBXGroup;
			children = (
				2A2C4B3D3694F43EFC8C81CC /* Pods_RxSwiftSubjects.framework */,
			);
			name = Frameworks;
			sourceTree = "<group>";
		};
		C4B9DDD197706B22FAC00F30 /* Pods */ = {
			isa = PBXGroup;
			children = (
				266A55B0061DA211577183EF /* Pods-RxSwiftSubjects.debug.xcconfig */,
				53814A2F7CA8E42CF6D59C39 /* Pods-RxSwiftSubjects.release.xcconfig */,
			);
			name = Pods;
			path = Pods;
			sourceTree = "<group>";
		};
/* End PBXGroup section */

/* Begin PBXNativeTarget section */
		0E0FF473261762FC00E0D5B7 /* RxSwiftSubjects */ = {
			isa = PBXNativeTarget;
			buildConfigurationList = 0E0FF488261762FD00E0D5B7 /* Build configuration list for PBXNativeTarget "RxSwiftSubjects" */;
			buildPhases = (
				34A70AB0B6F56CD4ACFA83F9 /* [CP] Check Pods Manifest.lock */,
				0E0FF470261762FC00E0D5B7 /* Sources */,
				0E0FF471261762FC00E0D5B7 /* Frameworks */,
				0E0FF472261762FC00E0D5B7 /* Resources */,
				9F5E540CA01FD5BB1093AE32 /* [CP] Embed Pods Frameworks */,
			);
			buildRules = (
			);
			dependencies = (
			);
			name = RxSwiftSubjects;
			productName = RxSwiftSubjects;
			productReference = 0E0FF474261762FC00E0D5B7 /* RxSwiftSubjects.app */;
			productType = "com.apple.product-type.application";
		};
/* End PBXNativeTarget section */

/* Begin PBXProject section */
		0E0FF46C261762FC00E0D5B7 /* Project object */ = {
			isa = PBXProject;
			attributes = {
				LastSwiftUpdateCheck = 1240;
				LastUpgradeCheck = 1240;
				TargetAttributes = {
					0E0FF473261762FC00E0D5B7 = {
						CreatedOnToolsVersion = 12.4;
					};
				};
			};
			buildConfigurationList = 0E0FF46F261762FC00E0D5B7 /* Build configuration list for PBXProject "RxSwiftSubjects" */;
			compatibilityVersion = "Xcode 9.3";
			developmentRegion = en;
			hasScannedForEncodings = 0;
			knownRegions = (
				en,
				Base,
			);
			mainGroup = 0E0FF46B261762FC00E0D5B7;
			productRefGroup = 0E0FF475261762FC00E0D5B7 /* Products */;
			projectDirPath = "";
			projectRoot = "";
			targets = (
				0E0FF473261762FC00E0D5B7 /* RxSwiftSubjects */,
			);
		};
/* End PBXProject section */

/* Begin PBXResourcesBuildPhase section */
		0E0FF472261762FC00E0D5B7 /* Resources */ = {
			isa = PBXResourcesBuildPhase;
			buildActionMask = 2147483647;
			files = (
				0E0FF484261762FD00E0D5B7 /* LaunchScreen.storyboard in Resources */,
				0E0FF481261762FD00E0D5B7 /* Assets.xcassets in Resources */,
				0E0FF47F261762FC00E0D5B7 /* Main.storyboard in Resources */,
			);
			runOnlyForDeploymentPostprocessing = 0;
		};
/* End PBXResourcesBuildPhase section */

/* Begin PBXShellScriptBuildPhase section */
		34A70AB0B6F56CD4ACFA83F9 /* [CP] Check Pods Manifest.lock */ = {
			isa = PBXShellScriptBuildPhase;
			buildActionMask = 2147483647;
			files = (
			);
			inputFileListPaths = (
			);
			inputPaths = (
				"${PODS_PODFILE_DIR_PATH}/Podfile.lock",
				"${PODS_ROOT}/Manifest.lock",
			);
			name = "[CP] Check Pods Manifest.lock";
			outputFileListPaths = (
			);
			outputPaths = (
				"$(DERIVED_FILE_DIR)/Pods-RxSwiftSubjects-checkManifestLockResult.txt",
			);
			runOnlyForDeploymentPostprocessing = 0;
			shellPath = /bin/sh;
			shellScript = "diff \"${PODS_PODFILE_DIR_PATH}/Podfile.lock\" \"${PODS_ROOT}/Manifest.lock\" > /dev/null\nif [ $? != 0 ] ; then\n    # print error to STDERR\n    echo \"error: The sandbox is not in sync with the Podfile.lock. Run 'pod install' or update your CocoaPods installation.\" >&2\n    exit 1\nfi\n# This output is used by Xcode 'outputs' to avoid re-running this script phase.\necho \"SUCCESS\" > \"${SCRIPT_OUTPUT_FILE_0}\"\n";
			showEnvVarsInLog = 0;
		};
		9F5E540CA01FD5BB1093AE32 /* [CP] Embed Pods Frameworks */ = {
			isa = PBXShellScriptBuildPhase;
			buildActionMask = 2147483647;
			files = (
			);
			inputFileListPaths = (
				"${PODS_ROOT}/Target Support Files/Pods-RxSwiftSubjects/Pods-RxSwiftSubjects-frameworks-${CONFIGURATION}-input-files.xcfilelist",
			);
			name = "[CP] Embed Pods Frameworks";
			outputFileListPaths = (
				"${PODS_ROOT}/Target Support Files/Pods-RxSwiftSubjects/Pods-RxSwiftSubjects-frameworks-${CONFIGURATION}-output-files.xcfilelist",
			);
			runOnlyForDeploymentPostprocessing = 0;
			shellPath = /bin/sh;
			shellScript = "\"${PODS_ROOT}/Target Support Files/Pods-RxSwiftSubjects/Pods-RxSwiftSubjects-frameworks.sh\"\n";
			showEnvVarsInLog = 0;
		};
/* End PBXShellScriptBuildPhase section */

/* Begin PBXSourcesBuildPhase section */
		0E0FF470261762FC00E0D5B7 /* Sources */ = {
			isa = PBXSourcesBuildPhase;
			buildActionMask = 2147483647;
			files = (
				0E0FF47C261762FC00E0D5B7 /* ViewController.swift in Sources */,
				0E0FF478261762FC00E0D5B7 /* AppDelegate.swift in Sources */,
				0E0FF47A261762FC00E0D5B7 /* SceneDelegate.swift in Sources */,
			);
			runOnlyForDeploymentPostprocessing = 0;
		};
/* End PBXSourcesBuildPhase section */

/* Begin PBXVariantGroup section */
		0E0FF47D261762FC00E0D5B7 /* Main.storyboard */ = {
			isa = PBXVariantGroup;
			children = (
				0E0FF47E261762FC00E0D5B7 /* Base */,
			);
			name = Main.storyboard;
			sourceTree = "<group>";
		};
		0E0FF482261762FD00E0D5B7 /* LaunchScreen.storyboard */ = {
			isa = PBXVariantGroup;
			children = (
				0E0FF483261762FD00E0D5B7 /* Base */,
			);
			name = LaunchScreen.storyboard;
			sourceTree = "<group>";
		};
/* End PBXVariantGroup section */

/* Begin XCBuildConfiguration section */
		0E0FF486261762FD00E0D5B7 /* Debug */ = {
			isa = XCBuildConfiguration;
			buildSettings = {
				ALWAYS_SEARCH_USER_PATHS = NO;
				CLANG_ANALYZER_NONNULL = YES;
				CLANG_ANALYZER_NUMBER_OBJECT_CONVERSION = YES_AGGRESSIVE;
				CLANG_CXX_LANGUAGE_STANDARD = "gnu++14";
				CLANG_CXX_LIBRARY = "libc++";
				CLANG_ENABLE_MODULES = YES;
				CLANG_ENABLE_OBJC_ARC = YES;
				CLANG_ENABLE_OBJC_WEAK = YES;
				CLANG_WARN_BLOCK_CAPTURE_AUTORELEASING = YES;
				CLANG_WARN_BOOL_CONVERSION = YES;
				CLANG_WARN_COMMA = YES;
				CLANG_WARN_CONSTANT_CONVERSION = YES;
				CLANG_WARN_DEPRECATED_OBJC_IMPLEMENTATIONS = YES;
				CLANG_WARN_DIRECT_OBJC_ISA_USAGE = YES_ERROR;
				CLANG_WARN_DOCUMENTATION_COMMENTS = YES;
				CLANG_WARN_EMPTY_BODY = YES;
				CLANG_WARN_ENUM_CONVERSION = YES;
				CLANG_WARN_INFINITE_RECURSION = YES;
				CLANG_WARN_INT_CONVERSION = YES;
				CLANG_WARN_NON_LITERAL_NULL_CONVERSION = YES;
				CLANG_WARN_OBJC_IMPLICIT_RETAIN_SELF = YES;
				CLANG_WARN_OBJC_LITERAL_CONVERSION = YES;
				CLANG_WARN_OBJC_ROOT_CLASS = YES_ERROR;
				CLANG_WARN_QUOTED_INCLUDE_IN_FRAMEWORK_HEADER = YES;
				CLANG_WARN_RANGE_LOOP_ANALYSIS = YES;
				CLANG_WARN_STRICT_PROTOTYPES = YES;
				CLANG_WARN_SUSPICIOUS_MOVE = YES;
				CLANG_WARN_UNGUARDED_AVAILABILITY = YES_AGGRESSIVE;
				CLANG_WARN_UNREACHABLE_CODE = YES;
				CLANG_WARN__DUPLICATE_METHOD_MATCH = YES;
				COPY_PHASE_STRIP = NO;
				DEBUG_INFORMATION_FORMAT = dwarf;
				ENABLE_STRICT_OBJC_MSGSEND = YES;
				ENABLE_TESTABILITY = YES;
				GCC_C_LANGUAGE_STANDARD = gnu11;
				GCC_DYNAMIC_NO_PIC = NO;
				GCC_NO_COMMON_BLOCKS = YES;
				GCC_OPTIMIZATION_LEVEL = 0;
				GCC_PREPROCESSOR_DEFINITIONS = (
					"DEBUG=1",
					"$(inherited)",
				);
				GCC_WARN_64_TO_32_BIT_CONVERSION = YES;
				GCC_WARN_ABOUT_RETURN_TYPE = YES_ERROR;
				GCC_WARN_UNDECLARED_SELECTOR = YES;
				GCC_WARN_UNINITIALIZED_AUTOS = YES_AGGRESSIVE;
				GCC_WARN_UNUSED_FUNCTION = YES;
				GCC_WARN_UNUSED_VARIABLE = YES;
				IPHONEOS_DEPLOYMENT_TARGET = 14.4;
				MTL_ENABLE_DEBUG_INFO = INCLUDE_SOURCE;
				MTL_FAST_MATH = YES;
				ONLY_ACTIVE_ARCH = YES;
				SDKROOT = iphoneos;
				SWIFT_ACTIVE_COMPILATION_CONDITIONS = DEBUG;
				SWIFT_OPTIMIZATION_LEVEL = "-Onone";
			};
			name = Debug;
		};
		0E0FF487261762FD00E0D5B7 /* Release */ = {
			isa = XCBuildConfiguration;
			buildSettings = {
				ALWAYS_SEARCH_USER_PATHS = NO;
				CLANG_ANALYZER_NONNULL = YES;
				CLANG_ANALYZER_NUMBER_OBJECT_CONVERSION = YES_AGGRESSIVE;
				CLANG_CXX_LANGUAGE_STANDARD = "gnu++14";
				CLANG_CXX_LIBRARY = "libc++";
				CLANG_ENABLE_MODULES = YES;
				CLANG_ENABLE_OBJC_ARC = YES;
				CLANG_ENABLE_OBJC_WEAK = YES;
				CLANG_WARN_BLOCK_CAPTURE_AUTORELEASING = YES;
				CLANG_WARN_BOOL_CONVERSION = YES;
				CLANG_WARN_COMMA = YES;
				CLANG_WARN_CONSTANT_CONVERSION = YES;
				CLANG_WARN_DEPRECATED_OBJC_IMPLEMENTATIONS = YES;
				CLANG_WARN_DIRECT_OBJC_ISA_USAGE = YES_ERROR;
				CLANG_WARN_DOCUMENTATION_COMMENTS = YES;
				CLANG_WARN_EMPTY_BODY = YES;
				CLANG_WARN_ENUM_CONVERSION = YES;
				CLANG_WARN_INFINITE_RECURSION = YES;
				CLANG_WARN_INT_CONVERSION = YES;
				CLANG_WARN_NON_LITERAL_NULL_CONVERSION = YES;
				CLANG_WARN_OBJC_IMPLICIT_RETAIN_SELF = YES;
				CLANG_WARN_OBJC_LITERAL_CONVERSION = YES;
				CLANG_WARN_OBJC_ROOT_CLASS = YES_ERROR;
				CLANG_WARN_QUOTED_INCLUDE_IN_FRAMEWORK_HEADER = YES;
				CLANG_WARN_RANGE_LOOP_ANALYSIS = YES;
				CLANG_WARN_STRICT_PROTOTYPES = YES;
				CLANG_WARN_SUSPICIOUS_MOVE = YES;
				CLANG_WARN_UNGUARDED_AVAILABILITY = YES_AGGRESSIVE;
				CLANG_WARN_UNREACHABLE_CODE = YES;
				CLANG_WARN__DUPLICATE_METHOD_MATCH = YES;
				COPY_PHASE_STRIP = NO;
				DEBUG_INFORMATION_FORMAT = "dwarf-with-dsym";
				ENABLE_NS_ASSERTIONS = NO;
				ENABLE_STRICT_OBJC_MSGSEND = YES;
				GCC_C_LANGUAGE_STANDARD = gnu11;
				GCC_NO_COMMON_BLOCKS = YES;
				GCC_WARN_64_TO_32_BIT_CONVERSION = YES;
				GCC_WARN_ABOUT_RETURN_TYPE = YES_ERROR;
				GCC_WARN_UNDECLARED_SELECTOR = YES;
				GCC_WARN_UNINITIALIZED_AUTOS = YES_AGGRESSIVE;
				GCC_WARN_UNUSED_FUNCTION = YES;
				GCC_WARN_UNUSED_VARIABLE = YES;
				IPHONEOS_DEPLOYMENT_TARGET = 14.4;
				MTL_ENABLE_DEBUG_INFO = NO;
				MTL_FAST_MATH = YES;
				SDKROOT = iphoneos;
				SWIFT_COMPILATION_MODE = wholemodule;
				SWIFT_OPTIMIZATION_LEVEL = "-O";
				VALIDATE_PRODUCT = YES;
			};
			name = Release;
		};
		0E0FF489261762FD00E0D5B7 /* Debug */ = {
			isa = XCBuildConfiguration;
			baseConfigurationReference = 266A55B0061DA211577183EF /* Pods-RxSwiftSubjects.debug.xcconfig */;
			buildSettings = {
				ASSETCATALOG_COMPILER_APPICON_NAME = AppIcon;
				ASSETCATALOG_COMPILER_GLOBAL_ACCENT_COLOR_NAME = AccentColor;
				CODE_SIGN_STYLE = Automatic;
				DEVELOPMENT_TEAM = F9DU4PRQQ6;
				INFOPLIST_FILE = RxSwiftSubjects/Info.plist;
				LD_RUNPATH_SEARCH_PATHS = (
					"$(inherited)",
					"@executable_path/Frameworks",
				);
				PRODUCT_BUNDLE_IDENTIFIER = com.juanbonforti.RxSwiftSubjects;
				PRODUCT_NAME = "$(TARGET_NAME)";
				SWIFT_VERSION = 5.0;
				TARGETED_DEVICE_FAMILY = "1,2";
			};
			name = Debug;
		};
		0E0FF48A261762FD00E0D5B7 /* Release */ = {
			isa = XCBuildConfiguration;
			baseConfigurationReference = 53814A2F7CA8E42CF6D59C39 /* Pods-RxSwiftSubjects.release.xcconfig */;
			buildSettings = {
				ASSETCATALOG_COMPILER_APPICON_NAME = AppIcon;
				ASSETCATALOG_COMPILER_GLOBAL_ACCENT_COLOR_NAME = AccentColor;
				CODE_SIGN_STYLE = Automatic;
				DEVELOPMENT_TEAM = F9DU4PRQQ6;
				INFOPLIST_FILE = RxSwiftSubjects/Info.plist;
				LD_RUNPATH_SEARCH_PATHS = (
					"$(inherited)",
					"@executable_path/Frameworks",
				);
				PRODUCT_BUNDLE_IDENTIFIER = com.juanbonforti.RxSwiftSubjects;
				PRODUCT_NAME = "$(TARGET_NAME)";
				SWIFT_VERSION = 5.0;
				TARGETED_DEVICE_FAMILY = "1,2";
			};
			name = Release;
		};
/* End XCBuildConfiguration section */

/* Begin XCConfigurationList section */
		0E0FF46F261762FC00E0D5B7 /* Build configuration list for PBXProject "RxSwiftSubjects" */ = {
			isa = XCConfigurationList;
			buildConfigurations = (
				0E0FF486261762FD00E0D5B7 /* Debug */,
				0E0FF487261762FD00E0D5B7 /* Release */,
			);
			defaultConfigurationIsVisible = 0;
			defaultConfigurationName = Release;
		};
		0E0FF488261762FD00E0D5B7 /* Build configuration list for PBXNativeTarget "RxSwiftSubjects" */ = {
			isa = XCConfigurationList;
			buildConfigurations = (
				0E0FF489261762FD00E0D5B7 /* Debug */,
				0E0FF48A261762FD00E0D5B7 /* Release */,
			);
			defaultConfigurationIsVisible = 0;
			defaultConfigurationName = Release;
		};
/* End XCConfigurationList section */
	};
	rootObject = 0E0FF46C261762FC00E0D5B7 /* Project object */;
}
